# This file is automatically @generated by Cargo.
# It is not intended for manual editing.
[[package]]
name = "rlibc"
version = "1.0.0"
source = "registry+https://github.com/rust-lang/crates.io-index"
checksum = "fc874b127765f014d792f16763a81245ab80500e2ad921ed4ee9e82481ee08fe"

[[package]]
name = "tartan-os"
version = "0.1.0"
dependencies = [
 "rlibc",
 "utf16_lit",
]

[[package]]
name = "utf16_lit"
version = "1.0.0"
source = "registry+https://github.com/rust-lang/crates.io-index"
checksum = "17c2a75e120916d8cc19115ed18e4d69bfd69a75822492d667fda8f2ac7afa71"
